<?xml version="1.0" encoding="utf-8"?>
<Project ToolsVersion="4.0" xmlns="http://schemas.microsoft.com/developer/msbuild/2003">
  <ItemGroup>
    <Filter Include="소스 파일">
      <UniqueIdentifier>{4FC737F1-C7A5-4376-A066-2A32D752A2FF}</UniqueIdentifier>
      <Extensions>cpp;c;cc;cxx;c++;cppm;ixx;def;odl;idl;hpj;bat;asm;asmx</Extensions>
    </Filter>
    <Filter Include="헤더 파일">
      <UniqueIdentifier>{93995380-89BD-4b04-88EB-625FBE52EBFB}</UniqueIdentifier>
      <Extensions>h;hh;hpp;hxx;h++;hm;inl;inc;ipp;xsd</Extensions>
    </Filter>
    <Filter Include="리소스 파일">
      <UniqueIdentifier>{67DA6AB6-F800-4c08-8B7A-83BB121AAD01}</UniqueIdentifier>
      <Extensions>rc;ico;cur;bmp;dlg;rc2;rct;bin;rgs;gif;jpg;jpeg;jpe;resx;tiff;tif;png;wav;mfcribbon-ms</Extensions>
    </Filter>
    <Filter Include="01.Core">
      <UniqueIdentifier>{e62ef3f8-3033-4019-8ad0-bb06d484a0ec}</UniqueIdentifier>
    </Filter>
    <Filter Include="02.Stage">
      <UniqueIdentifier>{68ffd712-2fb0-47f6-bd84-803f073175c4}</UniqueIdentifier>
    </Filter>
    <Filter Include="11.Object">
      <UniqueIdentifier>{d4e03d44-1a9b-473e-8f72-1d5c01daa2d9}</UniqueIdentifier>
    </Filter>
    <Filter Include="11.Object\header">
      <UniqueIdentifier>{85cfb928-4695-4370-805f-8d5d1021fe40}</UniqueIdentifier>
    </Filter>
    <Filter Include="11.Object\cpp">
      <UniqueIdentifier>{540e9891-ab50-40f1-baf5-6fda43e468e5}</UniqueIdentifier>
    </Filter>
    <Filter Include="12.Entity">
      <UniqueIdentifier>{49d8b421-6fc7-47a6-b0f9-8934c2533314}</UniqueIdentifier>
    </Filter>
    <Filter Include="12.Entity\cpp">
      <UniqueIdentifier>{ab625275-6987-4635-8ec9-b5cd5a0e4c7b}</UniqueIdentifier>
    </Filter>
    <Filter Include="12.Entity\header">
      <UniqueIdentifier>{d6e89889-52fb-45dd-857d-11c086c71be2}</UniqueIdentifier>
    </Filter>
    <Filter Include="10.System">
      <UniqueIdentifier>{71c060b6-dcac-45f2-b117-79acb3c8176b}</UniqueIdentifier>
    </Filter>
    <Filter Include="10.System\Physics">
      <UniqueIdentifier>{1533ede8-61ad-451f-887b-3a40c6ccf3d9}</UniqueIdentifier>
    </Filter>
    <Filter Include="10.System\Input">
      <UniqueIdentifier>{3bc57263-7609-4bec-8c32-ee6d9473d4fc}</UniqueIdentifier>
    </Filter>
    <Filter Include="10.System\Manager">
      <UniqueIdentifier>{61ee514c-0f78-4c5e-aeb8-d821a564169e}</UniqueIdentifier>
    </Filter>
    <Filter Include="10.System\Turn">
      <UniqueIdentifier>{de0443bd-1968-4fe3-875f-4c7b99b4bafe}</UniqueIdentifier>
    </Filter>
    <Filter Include="13.Enemy">
      <UniqueIdentifier>{0fd933a6-ec94-48f6-813c-fd32ad6740ec}</UniqueIdentifier>
    </Filter>
    <Filter Include="13.Enemy\cpp">
      <UniqueIdentifier>{e96aa81e-b42b-4c16-91bc-39a4fb2bda7e}</UniqueIdentifier>
    </Filter>
    <Filter Include="13.Enemy\header">
      <UniqueIdentifier>{526e3182-e7d9-4627-b515-3d317c23d046}</UniqueIdentifier>
    </Filter>
    <Filter Include="10.System\UI">
      <UniqueIdentifier>{f2b5d7ee-3820-4693-86a9-f6572431265a}</UniqueIdentifier>
    </Filter>
    <Filter Include="03.FOV">
      <UniqueIdentifier>{ec5693bb-ae6f-496f-b253-8dfb8b876c1c}</UniqueIdentifier>
    </Filter>
    <Filter Include="04.ETC">
      <UniqueIdentifier>{713caccb-99e2-4c7e-8992-6cd0268b1244}</UniqueIdentifier>
    </Filter>
    <Filter Include="05.Scene">
      <UniqueIdentifier>{4632fb44-9a90-4a93-90f0-1926d4897c4c}</UniqueIdentifier>
    </Filter>
    <Filter Include="06.Sound">
      <UniqueIdentifier>{54f1039d-3a77-432f-aa86-fe085ccd9892}</UniqueIdentifier>
    </Filter>
  </ItemGroup>
  <ItemGroup>
    <ClCompile Include="main.cpp">
      <Filter>소스 파일</Filter>
    </ClCompile>
    <ClCompile Include="Core.cpp">
      <Filter>01.Core</Filter>
    </ClCompile>
    <ClCompile Include="StageManager.cpp">
      <Filter>02.Stage</Filter>
    </ClCompile>
    <ClCompile Include="Console.cpp">
      <Filter>소스 파일</Filter>
    </ClCompile>
    <ClCompile Include="Object.cpp">
      <Filter>11.Object\cpp</Filter>
    </ClCompile>
    <ClCompile Include="Singletone.cpp">
      <Filter>01.Core</Filter>
    </ClCompile>
    <ClCompile Include="UpdateContainer.cpp">
      <Filter>01.Core</Filter>
    </ClCompile>
    <ClCompile Include="Entity.cpp">
      <Filter>12.Entity\cpp</Filter>
    </ClCompile>
    <ClCompile Include="Player.cpp">
      <Filter>12.Entity\cpp</Filter>
    </ClCompile>
    <ClCompile Include="Physics.cpp">
      <Filter>10.System\Physics</Filter>
    </ClCompile>
    <ClCompile Include="Colliders.cpp">
      <Filter>10.System\Physics</Filter>
    </ClCompile>
    <ClCompile Include="InputSystem.cpp">
      <Filter>10.System\Input</Filter>
    </ClCompile>
    <ClCompile Include="InitManager.cpp">
      <Filter>10.System\Manager</Filter>
    </ClCompile>
    <ClCompile Include="TurnManager.cpp">
      <Filter>10.System\Turn</Filter>
    </ClCompile>
    <ClCompile Include="Enemy.cpp">
      <Filter>13.Enemy\cpp</Filter>
    </ClCompile>
    <ClCompile Include="UISupporter.cpp">
      <Filter>10.System\UI</Filter>
    </ClCompile>
    <ClCompile Include="EntityManager.cpp">
      <Filter>10.System\Manager</Filter>
    </ClCompile>
    <ClCompile Include="RoomGenerator.cpp">
      <Filter>02.Stage</Filter>
    </ClCompile>
    <ClCompile Include="RoomRender.cpp">
      <Filter>02.Stage</Filter>
    </ClCompile>
    <ClCompile Include="FOV.cpp">
      <Filter>03.FOV</Filter>
    </ClCompile>
    <ClCompile Include="Scene.cpp">
      <Filter>05.Scene</Filter>
    </ClCompile>
    <ClCompile Include="TitleScene.cpp">
      <Filter>05.Scene</Filter>
    </ClCompile>
    <ClCompile Include="SceneManager.cpp">
      <Filter>05.Scene</Filter>
    </ClCompile>
    <ClCompile Include="RenderContainer.cpp">
      <Filter>01.Core</Filter>
    </ClCompile>
    <ClCompile Include="GameScene.cpp">
      <Filter>05.Scene</Filter>
    </ClCompile>
    <ClCompile Include="TitleInteraction.cpp">
      <Filter>04.ETC</Filter>
    </ClCompile>
    <ClCompile Include="DescScene.cpp">
      <Filter>05.Scene</Filter>
    </ClCompile>
    <ClCompile Include="Transition.cpp">
      <Filter>04.ETC</Filter>
    </ClCompile>
    <ClCompile Include="Item.cpp">
      <Filter>소스 파일</Filter>
    </ClCompile>
    <ClCompile Include="Random.cpp">
      <Filter>소스 파일</Filter>
    </ClCompile>
    <ClCompile Include="InventoryManager.cpp">
      <Filter>소스 파일</Filter>
    </ClCompile>
    <ClCompile Include="DataSaver.cpp">
      <Filter>04.ETC</Filter>
    </ClCompile>
    <ClCompile Include="Mci.cpp">
      <Filter>06.Sound</Filter>
    </ClCompile>
    <ClCompile Include="Types.cpp">
      <Filter>소스 파일</Filter>
    </ClCompile>
    <ClCompile Include="ObjectSpawner.cpp">
      <Filter>04.ETC</Filter>
    </ClCompile>
    <ClCompile Include="DeadScene.cpp">
      <Filter>05.Scene</Filter>
    </ClCompile>
  </ItemGroup>
  <ItemGroup>
    <ClInclude Include="Core.h">
      <Filter>01.Core</Filter>
    </ClInclude>
    <ClInclude Include="StageManager.h">
      <Filter>02.Stage</Filter>
    </ClInclude>
    <ClInclude Include="IUpdate.h">
      <Filter>01.Core</Filter>
    </ClInclude>
    <ClInclude Include="Console.h">
      <Filter>헤더 파일</Filter>
    </ClInclude>
    <ClInclude Include="WindowInfo.h">
      <Filter>헤더 파일</Filter>
    </ClInclude>
    <ClInclude Include="Object.h">
      <Filter>11.Object\header</Filter>
    </ClInclude>
    <ClInclude Include="defines.h">
      <Filter>01.Core</Filter>
    </ClInclude>
    <ClInclude Include="Singletone.h">
      <Filter>01.Core</Filter>
    </ClInclude>
    <ClInclude Include="UpdateContainer.h">
      <Filter>01.Core</Filter>
    </ClInclude>
    <ClInclude Include="IRender.h">
      <Filter>헤더 파일</Filter>
    </ClInclude>
    <ClInclude Include="Entity.h">
      <Filter>12.Entity\header</Filter>
    </ClInclude>
    <ClInclude Include="Player.h">
      <Filter>12.Entity\header</Filter>
    </ClInclude>
    <ClInclude Include="Physics.h">
      <Filter>10.System\Physics</Filter>
    </ClInclude>
    <ClInclude Include="Colliders.h">
      <Filter>10.System\Physics</Filter>
    </ClInclude>
    <ClInclude Include="InputSystem.h">
      <Filter>10.System\Input</Filter>
    </ClInclude>
    <ClInclude Include="TempEnums.h">
      <Filter>10.System</Filter>
    </ClInclude>
    <ClInclude Include="IInputable.h">
      <Filter>10.System\Input</Filter>
    </ClInclude>
    <ClInclude Include="InitManager.h">
      <Filter>10.System\Manager</Filter>
    </ClInclude>
    <ClInclude Include="TurnManager.h">
      <Filter>10.System\Turn</Filter>
    </ClInclude>
    <ClInclude Include="IDamageable.h">
      <Filter>12.Entity\header</Filter>
    </ClInclude>
    <ClInclude Include="Enemy.h">
      <Filter>13.Enemy\header</Filter>
    </ClInclude>
    <ClInclude Include="UISupporter.h">
      <Filter>10.System\UI</Filter>
    </ClInclude>
    <ClInclude Include="EntityManager.h">
      <Filter>10.System\Manager</Filter>
    </ClInclude>
    <ClInclude Include="RoomRender.h">
      <Filter>02.Stage</Filter>
    </ClInclude>
    <ClInclude Include="RoomGenerator.h">
      <Filter>02.Stage</Filter>
    </ClInclude>
    <ClInclude Include="Types.h">
      <Filter>헤더 파일</Filter>
    </ClInclude>
    <ClInclude Include="Constants.h">
      <Filter>헤더 파일</Filter>
    </ClInclude>
    <ClInclude Include="IDeadHandler.h">
      <Filter>12.Entity\header</Filter>
    </ClInclude>
    <ClInclude Include="FOV.h">
      <Filter>03.FOV</Filter>
    </ClInclude>
    <ClInclude Include="Scene.h">
      <Filter>05.Scene</Filter>
    </ClInclude>
    <ClInclude Include="TitleScene.h">
      <Filter>05.Scene</Filter>
    </ClInclude>
    <ClInclude Include="SceneManager.h">
      <Filter>05.Scene</Filter>
    </ClInclude>
    <ClInclude Include="RenderContainer.h">
      <Filter>01.Core</Filter>
    </ClInclude>
    <ClInclude Include="GameScene.h">
      <Filter>05.Scene</Filter>
    </ClInclude>
    <ClInclude Include="Strings.h">
      <Filter>헤더 파일</Filter>
    </ClInclude>
    <ClInclude Include="TitleInteraction.h">
      <Filter>04.ETC</Filter>
    </ClInclude>
    <ClInclude Include="DescScene.h">
      <Filter>05.Scene</Filter>
    </ClInclude>
    <ClInclude Include="Transition.h">
      <Filter>04.ETC</Filter>
    </ClInclude>
    <ClInclude Include="Item.h">
      <Filter>헤더 파일</Filter>
    </ClInclude>
    <ClInclude Include="Random.h">
      <Filter>헤더 파일</Filter>
    </ClInclude>
    <ClInclude Include="InventoryManager.h">
      <Filter>헤더 파일</Filter>
    </ClInclude>
    <ClInclude Include="DataSaver.h">
      <Filter>04.ETC</Filter>
    </ClInclude>
    <ClInclude Include="Mci.h">
      <Filter>06.Sound</Filter>
    </ClInclude>
    <ClInclude Include="ObjectSpawner.h">
      <Filter>04.ETC</Filter>
    </ClInclude>
    <ClInclude Include="resource.h">
      <Filter>헤더 파일</Filter>
    </ClInclude>
    <ClInclude Include="DeadScene.h">
      <Filter>05.Scene</Filter>
    </ClInclude>
  </ItemGroup>
  <ItemGroup>
    <ResourceCompile Include="GameProjectTeamProject.rc">
      <Filter>리소스 파일</Filter>
    </ResourceCompile>
  </ItemGroup>
  <ItemGroup>
    <None Include="ClassDiagram.cd" />
  </ItemGroup>
</Project>